
Microsoft Visual Studio Solution File, Format Version 12.00
# Visual Studio 15
VisualStudioVersion = 15.0.27428.2037
MinimumVisualStudioVersion = 10.0.40219.1
Project("{8BC9CEB8-8B4A-11D0-8D11-00A0C91BC942}") = "BLUE_Marble", "BLUE_Marble\BLUE_Marble.vcxproj", "{1CAC53B6-EDBF-4E0A-8867-FA1AD1BC06C6}"
EndProject
Global
	GlobalSection(SolutionConfigurationPlatforms) = preSolution
		Debug|x64 = Debug|x64
		Debug|x86 = Debug|x86
		Release|x64 = Release|x64
		Release|x86 = Release|x86
	EndGlobalSection
	GlobalSection(ProjectConfigurationPlatforms) = postSolution
		{1CAC53B6-EDBF-4E0A-8867-FA1AD1BC06C6}.Debug|x64.ActiveCfg = Debug|x64
		{1CAC53B6-EDBF-4E0A-8867-FA1AD1BC06C6}.Debug|x64.Build.0 = Debug|x64
		{1CAC53B6-EDBF-4E0A-8867-FA1AD1BC06C6}.Debug|x86.ActiveCfg = Debug|Win32
		{1CAC53B6-EDBF-4E0A-8867-FA1AD1BC06C6}.Debug|x86.Build.0 = Debug|Win32
		{1CAC53B6-EDBF-4E0A-8867-FA1AD1BC06C6}.Release|x64.ActiveCfg = Release|x64
		{1CAC53B6-EDBF-4E0A-8867-FA1AD1BC06C6}.Release|x64.Build.0 = Release|x64
		{1CAC53B6-EDBF-4E0A-8867-FA1AD1BC06C6}.Release|x86.ActiveCfg = Release|Win32
		{1CAC53B6-EDBF-4E0A-8867-FA1AD1BC06C6}.Release|x86.Build.0 = Release|Win32
	EndGlobalSection
	GlobalSection(SolutionProperties) = preSolution
		HideSolutionNode = FALSE
	EndGlobalSection
	GlobalSection(ExtensibilityGlobals) = postSolution
		SolutionGuid = {137B9F75-8E20-4AF3-926E-46E4D1B0F24F}
	EndGlobalSection
EndGlobal
